
Microsoft Visual Studio Solution File, Format Version 12.00
# Visual Studio Version 17
VisualStudioVersion = 17.0.31903.59
MinimumVisualStudioVersion = 10.0.40219.1
Project("{2150E333-8FDC-42A3-9474-1A3956D46DE8}") = "src", "src", "{827E0CD3-B72D-47B6-A68D-7590B98EB39B}"
EndProject
Project("{FAE04EC0-301F-11D3-BF4B-00C04F79EFBC}") = "GastosApp.Api", "src\GastosApp.Api\GastosApp.Api.csproj", "{66889EBE-617D-43FB-9DF5-F085B1BE763D}"
EndProject
Project("{FAE04EC0-301F-11D3-BF4B-00C04F79EFBC}") = "GastosApp.Application", "src\GastosApp.Application\GastosApp.Application.csproj", "{5E222FB1-5BC7-46C8-9C35-914008FE4ED5}"
EndProject
Project("{FAE04EC0-301F-11D3-BF4B-00C04F79EFBC}") = "GastosApp.Domain", "src\GastosApp.Domain\GastosApp.Domain.csproj", "{2D8D0B7D-FA1B-47E0-B2B6-73937CAEC9FC}"
EndProject
Project("{FAE04EC0-301F-11D3-BF4B-00C04F79EFBC}") = "GastosApp.Infrastructure", "src\GastosApp.Infrastructure\GastosApp.Infrastructure.csproj", "{A4A55CEE-8F36-4097-999F-E3AF14D5154E}"
EndProject
Project("{2150E333-8FDC-42A3-9474-1A3956D46DE8}") = "tests", "tests", "{0AB3BF05-4346-4AA6-1389-037BE0695223}"
EndProject
Project("{FAE04EC0-301F-11D3-BF4B-00C04F79EFBC}") = "GastosApp.UnitTests", "tests\GastosApp.UnitTests\GastosApp.UnitTests.csproj", "{59C05CF2-9971-46B6-8513-9361DED983BF}"
EndProject
Project("{FAE04EC0-301F-11D3-BF4B-00C04F79EFBC}") = "GastosApp.IntegrationTests", "tests\GastosApp.IntegrationTests\GastosApp.IntegrationTests.csproj", "{A141BD95-C63D-4E5F-861C-111379B833B6}"
EndProject
Project("{FAE04EC0-301F-11D3-BF4B-00C04F79EFBC}") = "GastosApp.ComponentTests", "tests\GastosApp.ComponentTests\GastosApp.ComponentTests.csproj", "{7B0FB622-63DC-475F-8B74-967DAF734CAF}"
EndProject
Project("{FAE04EC0-301F-11D3-BF4B-00C04F79EFBC}") = "GastosApp.CognitoTriggers", "src\GastosApp.CognitoTriggers\GastosApp.CognitoTriggers.csproj", "{E035C125-258E-4CE4-8BB3-25D49E58421C}"
EndProject
Project("{FAE04EC0-301F-11D3-BF4B-00C04F79EFBC}") = "GastosApp.CognitoTriggers.CustomMessage", "src\GastosApp.CognitoTriggers.CustomMessage\GastosApp.CognitoTriggers.CustomMessage.csproj", "{4ED13F47-F557-4763-A774-A01EADEF146A}"
EndProject
Global
	GlobalSection(SolutionConfigurationPlatforms) = preSolution
		Debug|Any CPU = Debug|Any CPU
		Debug|x64 = Debug|x64
		Debug|x86 = Debug|x86
		Release|Any CPU = Release|Any CPU
		Release|x64 = Release|x64
		Release|x86 = Release|x86
	EndGlobalSection
	GlobalSection(ProjectConfigurationPlatforms) = postSolution
		{66889EBE-617D-43FB-9DF5-F085B1BE763D}.Debug|Any CPU.ActiveCfg = Debug|Any CPU
		{66889EBE-617D-43FB-9DF5-F085B1BE763D}.Debug|Any CPU.Build.0 = Debug|Any CPU
		{66889EBE-617D-43FB-9DF5-F085B1BE763D}.Debug|x64.ActiveCfg = Debug|Any CPU
		{66889EBE-617D-43FB-9DF5-F085B1BE763D}.Debug|x64.Build.0 = Debug|Any CPU
		{66889EBE-617D-43FB-9DF5-F085B1BE763D}.Debug|x86.ActiveCfg = Debug|Any CPU
		{66889EBE-617D-43FB-9DF5-F085B1BE763D}.Debug|x86.Build.0 = Debug|Any CPU
		{66889EBE-617D-43FB-9DF5-F085B1BE763D}.Release|Any CPU.ActiveCfg = Release|Any CPU
		{66889EBE-617D-43FB-9DF5-F085B1BE763D}.Release|Any CPU.Build.0 = Release|Any CPU
		{66889EBE-617D-43FB-9DF5-F085B1BE763D}.Release|x64.ActiveCfg = Release|Any CPU
		{66889EBE-617D-43FB-9DF5-F085B1BE763D}.Release|x64.Build.0 = Release|Any CPU
		{66889EBE-617D-43FB-9DF5-F085B1BE763D}.Release|x86.ActiveCfg = Release|Any CPU
		{66889EBE-617D-43FB-9DF5-F085B1BE763D}.Release|x86.Build.0 = Release|Any CPU
		{5E222FB1-5BC7-46C8-9C35-914008FE4ED5}.Debug|Any CPU.ActiveCfg = Debug|Any CPU
		{5E222FB1-5BC7-46C8-9C35-914008FE4ED5}.Debug|Any CPU.Build.0 = Debug|Any CPU
		{5E222FB1-5BC7-46C8-9C35-914008FE4ED5}.Debug|x64.ActiveCfg = Debug|Any CPU
		{5E222FB1-5BC7-46C8-9C35-914008FE4ED5}.Debug|x64.Build.0 = Debug|Any CPU
		{5E222FB1-5BC7-46C8-9C35-914008FE4ED5}.Debug|x86.ActiveCfg = Debug|Any CPU
		{5E222FB1-5BC7-46C8-9C35-914008FE4ED5}.Debug|x86.Build.0 = Debug|Any CPU
		{5E222FB1-5BC7-46C8-9C35-914008FE4ED5}.Release|Any CPU.ActiveCfg = Release|Any CPU
		{5E222FB1-5BC7-46C8-9C35-914008FE4ED5}.Release|Any CPU.Build.0 = Release|Any CPU
		{5E222FB1-5BC7-46C8-9C35-914008FE4ED5}.Release|x64.ActiveCfg = Release|Any CPU
		{5E222FB1-5BC7-46C8-9C35-914008FE4ED5}.Release|x64.Build.0 = Release|Any CPU
		{5E222FB1-5BC7-46C8-9C35-914008FE4ED5}.Release|x86.ActiveCfg = Release|Any CPU
		{5E222FB1-5BC7-46C8-9C35-914008FE4ED5}.Release|x86.Build.0 = Release|Any CPU
		{2D8D0B7D-FA1B-47E0-B2B6-73937CAEC9FC}.Debug|Any CPU.ActiveCfg = Debug|Any CPU
		{2D8D0B7D-FA1B-47E0-B2B6-73937CAEC9FC}.Debug|Any CPU.Build.0 = Debug|Any CPU
		{2D8D0B7D-FA1B-47E0-B2B6-73937CAEC9FC}.Debug|x64.ActiveCfg = Debug|Any CPU
		{2D8D0B7D-FA1B-47E0-B2B6-73937CAEC9FC}.Debug|x64.Build.0 = Debug|Any CPU
		{2D8D0B7D-FA1B-47E0-B2B6-73937CAEC9FC}.Debug|x86.ActiveCfg = Debug|Any CPU
		{2D8D0B7D-FA1B-47E0-B2B6-73937CAEC9FC}.Debug|x86.Build.0 = Debug|Any CPU
		{2D8D0B7D-FA1B-47E0-B2B6-73937CAEC9FC}.Release|Any CPU.ActiveCfg = Release|Any CPU
		{2D8D0B7D-FA1B-47E0-B2B6-73937CAEC9FC}.Release|Any CPU.Build.0 = Release|Any CPU
		{2D8D0B7D-FA1B-47E0-B2B6-73937CAEC9FC}.Release|x64.ActiveCfg = Release|Any CPU
		{2D8D0B7D-FA1B-47E0-B2B6-73937CAEC9FC}.Release|x64.Build.0 = Release|Any CPU
		{2D8D0B7D-FA1B-47E0-B2B6-73937CAEC9FC}.Release|x86.ActiveCfg = Release|Any CPU
		{2D8D0B7D-FA1B-47E0-B2B6-73937CAEC9FC}.Release|x86.Build.0 = Release|Any CPU
		{A4A55CEE-8F36-4097-999F-E3AF14D5154E}.Debug|Any CPU.ActiveCfg = Debug|Any CPU
		{A4A55CEE-8F36-4097-999F-E3AF14D5154E}.Debug|Any CPU.Build.0 = Debug|Any CPU
		{A4A55CEE-8F36-4097-999F-E3AF14D5154E}.Debug|x64.ActiveCfg = Debug|Any CPU
		{A4A55CEE-8F36-4097-999F-E3AF14D5154E}.Debug|x64.Build.0 = Debug|Any CPU
		{A4A55CEE-8F36-4097-999F-E3AF14D5154E}.Debug|x86.ActiveCfg = Debug|Any CPU
		{A4A55CEE-8F36-4097-999F-E3AF14D5154E}.Debug|x86.Build.0 = Debug|Any CPU
		{A4A55CEE-8F36-4097-999F-E3AF14D5154E}.Release|Any CPU.ActiveCfg = Release|Any CPU
		{A4A55CEE-8F36-4097-999F-E3AF14D5154E}.Release|Any CPU.Build.0 = Release|Any CPU
		{A4A55CEE-8F36-4097-999F-E3AF14D5154E}.Release|x64.ActiveCfg = Release|Any CPU
		{A4A55CEE-8F36-4097-999F-E3AF14D5154E}.Release|x64.Build.0 = Release|Any CPU
		{A4A55CEE-8F36-4097-999F-E3AF14D5154E}.Release|x86.ActiveCfg = Release|Any CPU
		{A4A55CEE-8F36-4097-999F-E3AF14D5154E}.Release|x86.Build.0 = Release|Any CPU
		{59C05CF2-9971-46B6-8513-9361DED983BF}.Debug|Any CPU.ActiveCfg = Debug|Any CPU
		{59C05CF2-9971-46B6-8513-9361DED983BF}.Debug|Any CPU.Build.0 = Debug|Any CPU
		{59C05CF2-9971-46B6-8513-9361DED983BF}.Debug|x64.ActiveCfg = Debug|Any CPU
		{59C05CF2-9971-46B6-8513-9361DED983BF}.Debug|x64.Build.0 = Debug|Any CPU
		{59C05CF2-9971-46B6-8513-9361DED983BF}.Debug|x86.ActiveCfg = Debug|Any CPU
		{59C05CF2-9971-46B6-8513-9361DED983BF}.Debug|x86.Build.0 = Debug|Any CPU
		{59C05CF2-9971-46B6-8513-9361DED983BF}.Release|Any CPU.ActiveCfg = Release|Any CPU
		{59C05CF2-9971-46B6-8513-9361DED983BF}.Release|Any CPU.Build.0 = Release|Any CPU
		{59C05CF2-9971-46B6-8513-9361DED983BF}.Release|x64.ActiveCfg = Release|Any CPU
		{59C05CF2-9971-46B6-8513-9361DED983BF}.Release|x64.Build.0 = Release|Any CPU
		{59C05CF2-9971-46B6-8513-9361DED983BF}.Release|x86.ActiveCfg = Release|Any CPU
		{59C05CF2-9971-46B6-8513-9361DED983BF}.Release|x86.Build.0 = Release|Any CPU
		{A141BD95-C63D-4E5F-861C-111379B833B6}.Debug|Any CPU.ActiveCfg = Debug|Any CPU
		{A141BD95-C63D-4E5F-861C-111379B833B6}.Debug|Any CPU.Build.0 = Debug|Any CPU
		{A141BD95-C63D-4E5F-861C-111379B833B6}.Debug|x64.ActiveCfg = Debug|Any CPU
		{A141BD95-C63D-4E5F-861C-111379B833B6}.Debug|x64.Build.0 = Debug|Any CPU
		{A141BD95-C63D-4E5F-861C-111379B833B6}.Debug|x86.ActiveCfg = Debug|Any CPU
		{A141BD95-C63D-4E5F-861C-111379B833B6}.Debug|x86.Build.0 = Debug|Any CPU
		{A141BD95-C63D-4E5F-861C-111379B833B6}.Release|Any CPU.ActiveCfg = Release|Any CPU
		{A141BD95-C63D-4E5F-861C-111379B833B6}.Release|Any CPU.Build.0 = Release|Any CPU
		{A141BD95-C63D-4E5F-861C-111379B833B6}.Release|x64.ActiveCfg = Release|Any CPU
		{A141BD95-C63D-4E5F-861C-111379B833B6}.Release|x64.Build.0 = Release|Any CPU
		{A141BD95-C63D-4E5F-861C-111379B833B6}.Release|x86.ActiveCfg = Release|Any CPU
		{A141BD95-C63D-4E5F-861C-111379B833B6}.Release|x86.Build.0 = Release|Any CPU
		{7B0FB622-63DC-475F-8B74-967DAF734CAF}.Debug|Any CPU.ActiveCfg = Debug|Any CPU
		{7B0FB622-63DC-475F-8B74-967DAF734CAF}.Debug|Any CPU.Build.0 = Debug|Any CPU
		{7B0FB622-63DC-475F-8B74-967DAF734CAF}.Debug|x64.ActiveCfg = Debug|Any CPU
		{7B0FB622-63DC-475F-8B74-967DAF734CAF}.Debug|x64.Build.0 = Debug|Any CPU
		{7B0FB622-63DC-475F-8B74-967DAF734CAF}.Debug|x86.ActiveCfg = Debug|Any CPU
		{7B0FB622-63DC-475F-8B74-967DAF734CAF}.Debug|x86.Build.0 = Debug|Any CPU
		{7B0FB622-63DC-475F-8B74-967DAF734CAF}.Release|Any CPU.ActiveCfg = Release|Any CPU
		{7B0FB622-63DC-475F-8B74-967DAF734CAF}.Release|Any CPU.Build.0 = Release|Any CPU
		{7B0FB622-63DC-475F-8B74-967DAF734CAF}.Release|x64.ActiveCfg = Release|Any CPU
		{7B0FB622-63DC-475F-8B74-967DAF734CAF}.Release|x64.Build.0 = Release|Any CPU
		{7B0FB622-63DC-475F-8B74-967DAF734CAF}.Release|x86.ActiveCfg = Release|Any CPU
		{7B0FB622-63DC-475F-8B74-967DAF734CAF}.Release|x86.Build.0 = Release|Any CPU
		{E035C125-258E-4CE4-8BB3-25D49E58421C}.Debug|Any CPU.ActiveCfg = Debug|Any CPU
		{E035C125-258E-4CE4-8BB3-25D49E58421C}.Debug|Any CPU.Build.0 = Debug|Any CPU
		{E035C125-258E-4CE4-8BB3-25D49E58421C}.Debug|x64.ActiveCfg = Debug|Any CPU
		{E035C125-258E-4CE4-8BB3-25D49E58421C}.Debug|x64.Build.0 = Debug|Any CPU
		{E035C125-258E-4CE4-8BB3-25D49E58421C}.Debug|x86.ActiveCfg = Debug|Any CPU
		{E035C125-258E-4CE4-8BB3-25D49E58421C}.Debug|x86.Build.0 = Debug|Any CPU
		{E035C125-258E-4CE4-8BB3-25D49E58421C}.Release|Any CPU.ActiveCfg = Release|Any CPU
		{E035C125-258E-4CE4-8BB3-25D49E58421C}.Release|Any CPU.Build.0 = Release|Any CPU
		{E035C125-258E-4CE4-8BB3-25D49E58421C}.Release|x64.ActiveCfg = Release|Any CPU
		{E035C125-258E-4CE4-8BB3-25D49E58421C}.Release|x64.Build.0 = Release|Any CPU
		{E035C125-258E-4CE4-8BB3-25D49E58421C}.Release|x86.ActiveCfg = Release|Any CPU
		{E035C125-258E-4CE4-8BB3-25D49E58421C}.Release|x86.Build.0 = Release|Any CPU
		{4ED13F47-F557-4763-A774-A01EADEF146A}.Debug|Any CPU.ActiveCfg = Debug|Any CPU
		{4ED13F47-F557-4763-A774-A01EADEF146A}.Debug|Any CPU.Build.0 = Debug|Any CPU
		{4ED13F47-F557-4763-A774-A01EADEF146A}.Debug|x64.ActiveCfg = Debug|Any CPU
		{4ED13F47-F557-4763-A774-A01EADEF146A}.Debug|x64.Build.0 = Debug|Any CPU
		{4ED13F47-F557-4763-A774-A01EADEF146A}.Debug|x86.ActiveCfg = Debug|Any CPU
		{4ED13F47-F557-4763-A774-A01EADEF146A}.Debug|x86.Build.0 = Debug|Any CPU
		{4ED13F47-F557-4763-A774-A01EADEF146A}.Release|Any CPU.ActiveCfg = Release|Any CPU
		{4ED13F47-F557-4763-A774-A01EADEF146A}.Release|Any CPU.Build.0 = Release|Any CPU
		{4ED13F47-F557-4763-A774-A01EADEF146A}.Release|x64.ActiveCfg = Release|Any CPU
		{4ED13F47-F557-4763-A774-A01EADEF146A}.Release|x64.Build.0 = Release|Any CPU
		{4ED13F47-F557-4763-A774-A01EADEF146A}.Release|x86.ActiveCfg = Release|Any CPU
		{4ED13F47-F557-4763-A774-A01EADEF146A}.Release|x86.Build.0 = Release|Any CPU
	EndGlobalSection
	GlobalSection(SolutionProperties) = preSolution
		HideSolutionNode = FALSE
	EndGlobalSection
	GlobalSection(NestedProjects) = preSolution
		{66889EBE-617D-43FB-9DF5-F085B1BE763D} = {827E0CD3-B72D-47B6-A68D-7590B98EB39B}
		{5E222FB1-5BC7-46C8-9C35-914008FE4ED5} = {827E0CD3-B72D-47B6-A68D-7590B98EB39B}
		{2D8D0B7D-FA1B-47E0-B2B6-73937CAEC9FC} = {827E0CD3-B72D-47B6-A68D-7590B98EB39B}
		{A4A55CEE-8F36-4097-999F-E3AF14D5154E} = {827E0CD3-B72D-47B6-A68D-7590B98EB39B}
		{59C05CF2-9971-46B6-8513-9361DED983BF} = {0AB3BF05-4346-4AA6-1389-037BE0695223}
		{A141BD95-C63D-4E5F-861C-111379B833B6} = {0AB3BF05-4346-4AA6-1389-037BE0695223}
		{7B0FB622-63DC-475F-8B74-967DAF734CAF} = {0AB3BF05-4346-4AA6-1389-037BE0695223}
		{E035C125-258E-4CE4-8BB3-25D49E58421C} = {827E0CD3-B72D-47B6-A68D-7590B98EB39B}
		{4ED13F47-F557-4763-A774-A01EADEF146A} = {827E0CD3-B72D-47B6-A68D-7590B98EB39B}
	EndGlobalSection
EndGlobal
